
Microsoft Visual Studio Solution File, Format Version 11.00
# Visual Studio 2010
Project("{8BC9CEB8-8B4A-11D0-8D11-00A0C91BC942}") = "ExcelPython", "ExcelPython\ExcelPython.vcxproj", "{729A2038-07E2-4D5F-AB0B-21CA4295924E}"
EndProject
Global
	GlobalSection(SolutionConfigurationPlatforms) = preSolution
		Debug|Win32 = Debug|Win32
		Debug|x64 = Debug|x64
		Release26|Win32 = Release26|Win32
		Release26|x64 = Release26|x64
		Release27|Win32 = Release27|Win32
		Release27|x64 = Release27|x64
	EndGlobalSection
	GlobalSection(ProjectConfigurationPlatforms) = postSolution
		{729A2038-07E2-4D5F-AB0B-21CA4295924E}.Debug|Win32.ActiveCfg = Debug|Win32
		{729A2038-07E2-4D5F-AB0B-21CA4295924E}.Debug|Win32.Build.0 = Debug|Win32
		{729A2038-07E2-4D5F-AB0B-21CA4295924E}.Debug|x64.ActiveCfg = Debug|x64
		{729A2038-07E2-4D5F-AB0B-21CA4295924E}.Debug|x64.Build.0 = Debug|x64
		{729A2038-07E2-4D5F-AB0B-21CA4295924E}.Release26|Win32.ActiveCfg = Release26|Win32
		{729A2038-07E2-4D5F-AB0B-21CA4295924E}.Release26|Win32.Build.0 = Release26|Win32
		{729A2038-07E2-4D5F-AB0B-21CA4295924E}.Release26|x64.ActiveCfg = Release26|x64
		{729A2038-07E2-4D5F-AB0B-21CA4295924E}.Release26|x64.Build.0 = Release26|x64
		{729A2038-07E2-4D5F-AB0B-21CA4295924E}.Release27|Win32.ActiveCfg = Release27|Win32
		{729A2038-07E2-4D5F-AB0B-21CA4295924E}.Release27|Win32.Build.0 = Release27|Win32
		{729A2038-07E2-4D5F-AB0B-21CA4295924E}.Release27|x64.ActiveCfg = Release27|x64
		{729A2038-07E2-4D5F-AB0B-21CA4295924E}.Release27|x64.Build.0 = Release27|x64
	EndGlobalSection
	GlobalSection(SolutionProperties) = preSolution
		HideSolutionNode = FALSE
	EndGlobalSection
EndGlobal
